// !$*UTF8*$!
{
	archiveVersion = 1;
	classes = {
	};
	objectVersion = 60;
	objects = {

/* Begin PBXBuildFile section */
		EB2D600D2C5B22EC0043A6EE /* ApolloGraphQLApp.swift in Sources */ = {isa = PBXBuildFile; fileRef = EB2D600C2C5B22EC0043A6EE /* ApolloGraphQLApp.swift */; };
		EB2D600F2C5B22EC0043A6EE /* ContentView.swift in Sources */ = {isa = PBXBuildFile; fileRef = EB2D600E2C5B22EC0043A6EE /* ContentView.swift */; };
		EB2D60112C5B22EE0043A6EE /* Assets.xcassets in Resources */ = {isa = PBXBuildFile; fileRef = EB2D60102C5B22EE0043A6EE /* Assets.xcassets */; };
		EB2D60142C5B22EE0043A6EE /* Preview Assets.xcassets in Resources */ = {isa = PBXBuildFile; fileRef = EB2D60132C5B22EE0043A6EE /* Preview Assets.xcassets */; };
		EB2D601E2C5B22EF0043A6EE /* ApolloGraphQLTests.swift in Sources */ = {isa = PBXBuildFile; fileRef = EB2D601D2C5B22EF0043A6EE /* ApolloGraphQLTests.swift */; };
		EB2D60282C5B22EF0043A6EE /* ApolloGraphQLUITests.swift in Sources */ = {isa = PBXBuildFile; fileRef = EB2D60272C5B22EF0043A6EE /* ApolloGraphQLUITests.swift */; };
		EB2D602A2C5B22EF0043A6EE /* ApolloGraphQLUITestsLaunchTests.swift in Sources */ = {isa = PBXBuildFile; fileRef = EB2D60292C5B22EF0043A6EE /* ApolloGraphQLUITestsLaunchTests.swift */; };
		EB2D60382C5B232A0043A6EE /* Apollo in Frameworks */ = {isa = PBXBuildFile; productRef = EB2D60372C5B232A0043A6EE /* Apollo */; };
		EB2D603C2C5B25390043A6EE /* Countries.graphql in Resources */ = {isa = PBXBuildFile; fileRef = EB2D603B2C5B25390043A6EE /* Countries.graphql */; };
		EB2D603E2C5B27530043A6EE /* schema.graphqls in Resources */ = {isa = PBXBuildFile; fileRef = EB2D603D2C5B27520043A6EE /* schema.graphqls */; };
		EB2D60412C5B28350043A6EE /* CountryApi in Frameworks */ = {isa = PBXBuildFile; productRef = EB2D60402C5B28350043A6EE /* CountryApi */; };
		EB2D60472C5C421C0043A6EE /* Country.swift in Sources */ = {isa = PBXBuildFile; fileRef = EB2D60462C5C421C0043A6EE /* Country.swift */; };
		EB2D604A2C5C42DF0043A6EE /* CountryRepository.swift in Sources */ = {isa = PBXBuildFile; fileRef = EB2D60492C5C42DF0043A6EE /* CountryRepository.swift */; };
		EB2D604C2C5C43F10043A6EE /* CountryRepositoryImpl.swift in Sources */ = {isa = PBXBuildFile; fileRef = EB2D604B2C5C43F10043A6EE /* CountryRepositoryImpl.swift */; };
		EB2D60502C5C45380043A6EE /* CountryApiService.swift in Sources */ = {isa = PBXBuildFile; fileRef = EB2D604F2C5C45380043A6EE /* CountryApiService.swift */; };
		EB2D60522C5C45E70043A6EE /* CountryApiServiceImpl.swift in Sources */ = {isa = PBXBuildFile; fileRef = EB2D60512C5C45E70043A6EE /* CountryApiServiceImpl.swift */; };
		EB2D60552C5C89840043A6EE /* GetCountriesUseCase.swift in Sources */ = {isa = PBXBuildFile; fileRef = EB2D60542C5C89840043A6EE /* GetCountriesUseCase.swift */; };
		EB2D60572C5C89C50043A6EE /* GetCountriesUseCaseImpl.swift in Sources */ = {isa = PBXBuildFile; fileRef = EB2D60562C5C89C50043A6EE /* GetCountriesUseCaseImpl.swift */; };
		EB2D605A2C5C94460043A6EE /* Quick in Frameworks */ = {isa = PBXBuildFile; productRef = EB2D60592C5C94460043A6EE /* Quick */; };
		EB2D605D2C5C94E50043A6EE /* Nimble in Frameworks */ = {isa = PBXBuildFile; productRef = EB2D605C2C5C94E50043A6EE /* Nimble */; };
		EB2D60612C5C95D00043A6EE /* CountriesViewModelSpec.swift in Sources */ = {isa = PBXBuildFile; fileRef = EB2D60602C5C95D00043A6EE /* CountriesViewModelSpec.swift */; };
		EB2D60662C5D1D9A0043A6EE /* State.swift in Sources */ = {isa = PBXBuildFile; fileRef = EB2D60652C5D1D9A0043A6EE /* State.swift */; };
		EB2D60692C611B230043A6EE /* CountryCoordinator.swift in Sources */ = {isa = PBXBuildFile; fileRef = EB2D60682C611B230043A6EE /* CountryCoordinator.swift */; };
		EB2D606D2C61277F0043A6EE /* CountryDetailView.swift in Sources */ = {isa = PBXBuildFile; fileRef = EB2D606C2C61277F0043A6EE /* CountryDetailView.swift */; };
/* End PBXBuildFile section */

/* Begin PBXContainerItemProxy section */
		EB2D601A2C5B22EF0043A6EE /* PBXContainerItemProxy */ = {
			isa = PBXContainerItemProxy;
			containerPortal = EB2D60012C5B22EC0043A6EE /* Project object */;
			proxyType = 1;
			remoteGlobalIDString = EB2D60082C5B22EC0043A6EE;
			remoteInfo = ApolloGraphQL;
		};
		EB2D60242C5B22EF0043A6EE /* PBXContainerItemProxy */ = {
			isa = PBXContainerItemProxy;
			containerPortal = EB2D60012C5B22EC0043A6EE /* Project object */;
			proxyType = 1;
			remoteGlobalIDString = EB2D60082C5B22EC0043A6EE;
			remoteInfo = ApolloGraphQL;
		};
/* End PBXContainerItemProxy section */

/* Begin PBXFileReference section */
		EB2D60092C5B22EC0043A6EE /* ApolloGraphQL.app */ = {isa = PBXFileReference; explicitFileType = wrapper.application; includeInIndex = 0; path = ApolloGraphQL.app; sourceTree = BUILT_PRODUCTS_DIR; };
		EB2D600C2C5B22EC0043A6EE /* ApolloGraphQLApp.swift */ = {isa = PBXFileReference; lastKnownFileType = sourcecode.swift; path = ApolloGraphQLApp.swift; sourceTree = "<group>"; };
		EB2D600E2C5B22EC0043A6EE /* ContentView.swift */ = {isa = PBXFileReference; lastKnownFileType = sourcecode.swift; path = ContentView.swift; sourceTree = "<group>"; };
		EB2D60102C5B22EE0043A6EE /* Assets.xcassets */ = {isa = PBXFileReference; lastKnownFileType = folder.assetcatalog; path = Assets.xcassets; sourceTree = "<group>"; };
		EB2D60132C5B22EE0043A6EE /* Preview Assets.xcassets */ = {isa = PBXFileReference; lastKnownFileType = folder.assetcatalog; path = "Preview Assets.xcassets"; sourceTree = "<group>"; };
		EB2D60192C5B22EF0043A6EE /* ApolloGraphQLTests.xctest */ = {isa = PBXFileReference; explicitFileType = wrapper.cfbundle; includeInIndex = 0; path = ApolloGraphQLTests.xctest; sourceTree = BUILT_PRODUCTS_DIR; };
		EB2D601D2C5B22EF0043A6EE /* ApolloGraphQLTests.swift */ = {isa = PBXFileReference; lastKnownFileType = sourcecode.swift; path = ApolloGraphQLTests.swift; sourceTree = "<group>"; };
		EB2D60232C5B22EF0043A6EE /* ApolloGraphQLUITests.xctest */ = {isa = PBXFileReference; explicitFileType = wrapper.cfbundle; includeInIndex = 0; path = ApolloGraphQLUITests.xctest; sourceTree = BUILT_PRODUCTS_DIR; };
		EB2D60272C5B22EF0043A6EE /* ApolloGraphQLUITests.swift */ = {isa = PBXFileReference; lastKnownFileType = sourcecode.swift; path = ApolloGraphQLUITests.swift; sourceTree = "<group>"; };
		EB2D60292C5B22EF0043A6EE /* ApolloGraphQLUITestsLaunchTests.swift */ = {isa = PBXFileReference; lastKnownFileType = sourcecode.swift; path = ApolloGraphQLUITestsLaunchTests.swift; sourceTree = "<group>"; };
		EB2D603B2C5B25390043A6EE /* Countries.graphql */ = {isa = PBXFileReference; lastKnownFileType = text; path = Countries.graphql; sourceTree = "<group>"; };
		EB2D603D2C5B27520043A6EE /* schema.graphqls */ = {isa = PBXFileReference; fileEncoding = 4; lastKnownFileType = text; path = schema.graphqls; sourceTree = "<group>"; };
		EB2D60462C5C421C0043A6EE /* Country.swift */ = {isa = PBXFileReference; lastKnownFileType = sourcecode.swift; path = Country.swift; sourceTree = "<group>"; };
		EB2D60492C5C42DF0043A6EE /* CountryRepository.swift */ = {isa = PBXFileReference; lastKnownFileType = sourcecode.swift; path = CountryRepository.swift; sourceTree = "<group>"; };
		EB2D604B2C5C43F10043A6EE /* CountryRepositoryImpl.swift */ = {isa = PBXFileReference; lastKnownFileType = sourcecode.swift; path = CountryRepositoryImpl.swift; sourceTree = "<group>"; };
		EB2D604F2C5C45380043A6EE /* CountryApiService.swift */ = {isa = PBXFileReference; lastKnownFileType = sourcecode.swift; path = CountryApiService.swift; sourceTree = "<group>"; };
		EB2D60512C5C45E70043A6EE /* CountryApiServiceImpl.swift */ = {isa = PBXFileReference; lastKnownFileType = sourcecode.swift; path = CountryApiServiceImpl.swift; sourceTree = "<group>"; };
		EB2D60542C5C89840043A6EE /* GetCountriesUseCase.swift */ = {isa = PBXFileReference; lastKnownFileType = sourcecode.swift; path = GetCountriesUseCase.swift; sourceTree = "<group>"; };
		EB2D60562C5C89C50043A6EE /* GetCountriesUseCaseImpl.swift */ = {isa = PBXFileReference; lastKnownFileType = sourcecode.swift; path = GetCountriesUseCaseImpl.swift; sourceTree = "<group>"; };
		EB2D60602C5C95D00043A6EE /* CountriesViewModelSpec.swift */ = {isa = PBXFileReference; lastKnownFileType = sourcecode.swift; path = CountriesViewModelSpec.swift; sourceTree = "<group>"; };
		EB2D60652C5D1D9A0043A6EE /* State.swift */ = {isa = PBXFileReference; lastKnownFileType = sourcecode.swift; path = State.swift; sourceTree = "<group>"; };
		EB2D60682C611B230043A6EE /* CountryCoordinator.swift */ = {isa = PBXFileReference; lastKnownFileType = sourcecode.swift; path = CountryCoordinator.swift; sourceTree = "<group>"; };
		EB2D606C2C61277F0043A6EE /* CountryDetailView.swift */ = {isa = PBXFileReference; lastKnownFileType = sourcecode.swift; path = CountryDetailView.swift; sourceTree = "<group>"; };
/* End PBXFileReference section */

/* Begin PBXFrameworksBuildPhase section */
		EB2D60062C5B22EC0043A6EE /* Frameworks */ = {
			isa = PBXFrameworksBuildPhase;
			buildActionMask = 2147483647;
			files = (
				EB2D60412C5B28350043A6EE /* CountryApi in Frameworks */,
				EB2D60382C5B232A0043A6EE /* Apollo in Frameworks */,
			);
			runOnlyForDeploymentPostprocessing = 0;
		};
		EB2D60162C5B22EF0043A6EE /* Frameworks */ = {
			isa = PBXFrameworksBuildPhase;
			buildActionMask = 2147483647;
			files = (
				EB2D605A2C5C94460043A6EE /* Quick in Frameworks */,
				EB2D605D2C5C94E50043A6EE /* Nimble in Frameworks */,
			);
			runOnlyForDeploymentPostprocessing = 0;
		};
		EB2D60202C5B22EF0043A6EE /* Frameworks */ = {
			isa = PBXFrameworksBuildPhase;
			buildActionMask = 2147483647;
			files = (
			);
			runOnlyForDeploymentPostprocessing = 0;
		};
/* End PBXFrameworksBuildPhase section */

/* Begin PBXGroup section */
		EB2D60002C5B22EC0043A6EE = {
			isa = PBXGroup;
			children = (
				EB2D600B2C5B22EC0043A6EE /* ApolloGraphQL */,
				EB2D601C2C5B22EF0043A6EE /* ApolloGraphQLTests */,
				EB2D60262C5B22EF0043A6EE /* ApolloGraphQLUITests */,
				EB2D600A2C5B22EC0043A6EE /* Products */,
			);
			sourceTree = "<group>";
		};
		EB2D600A2C5B22EC0043A6EE /* Products */ = {
			isa = PBXGroup;
			children = (
				EB2D60092C5B22EC0043A6EE /* ApolloGraphQL.app */,
				EB2D60192C5B22EF0043A6EE /* ApolloGraphQLTests.xctest */,
				EB2D60232C5B22EF0043A6EE /* ApolloGraphQLUITests.xctest */,
			);
			name = Products;
			sourceTree = "<group>";
		};
		EB2D600B2C5B22EC0043A6EE /* ApolloGraphQL */ = {
			isa = PBXGroup;
			children = (
				EB2D60392C5B24410043A6EE /* Data */,
				EB2D60432C5C40820043A6EE /* Domain */,
				EB2D60422C5C40150043A6EE /* Presentation */,
				EB2D60102C5B22EE0043A6EE /* Assets.xcassets */,
				EB2D60122C5B22EE0043A6EE /* Preview Content */,
			);
			path = ApolloGraphQL;
			sourceTree = "<group>";
		};
		EB2D60122C5B22EE0043A6EE /* Preview Content */ = {
			isa = PBXGroup;
			children = (
				EB2D60132C5B22EE0043A6EE /* Preview Assets.xcassets */,
			);
			path = "Preview Content";
			sourceTree = "<group>";
		};
		EB2D601C2C5B22EF0043A6EE /* ApolloGraphQLTests */ = {
			isa = PBXGroup;
			children = (
				EB2D605E2C5C95230043A6EE /* Presentation */,
				EB2D601D2C5B22EF0043A6EE /* ApolloGraphQLTests.swift */,
			);
			path = ApolloGraphQLTests;
			sourceTree = "<group>";
		};
		EB2D60262C5B22EF0043A6EE /* ApolloGraphQLUITests */ = {
			isa = PBXGroup;
			children = (
				EB2D60272C5B22EF0043A6EE /* ApolloGraphQLUITests.swift */,
				EB2D60292C5B22EF0043A6EE /* ApolloGraphQLUITestsLaunchTests.swift */,
			);
			path = ApolloGraphQLUITests;
			sourceTree = "<group>";
		};
		EB2D60392C5B24410043A6EE /* Data */ = {
			isa = PBXGroup;
			children = (
				EB2D604D2C5C445E0043A6EE /* DataSources */,
				EB2D60442C5C41BE0043A6EE /* Repositories */,
				EB2D603A2C5B24480043A6EE /* GraphQL */,
			);
			path = Data;
			sourceTree = "<group>";
		};
		EB2D603A2C5B24480043A6EE /* GraphQL */ = {
			isa = PBXGroup;
			children = (
				EB2D60642C5D1AA80043A6EE /* Queries */,
				EB2D603D2C5B27520043A6EE /* schema.graphqls */,
			);
			path = GraphQL;
			sourceTree = "<group>";
		};
		EB2D60422C5C40150043A6EE /* Presentation */ = {
			isa = PBXGroup;
			children = (
				EB2D60672C611AC60043A6EE /* Coordinator */,
				EB2D606A2C6127650043A6EE /* Country */,
				EB2D600E2C5B22EC0043A6EE /* ContentView.swift */,
				EB2D600C2C5B22EC0043A6EE /* ApolloGraphQLApp.swift */,
			);
			path = Presentation;
			sourceTree = "<group>";
		};
		EB2D60432C5C40820043A6EE /* Domain */ = {
			isa = PBXGroup;
			children = (
				EB2D60532C5C896C0043A6EE /* UseCases */,
				EB2D60482C5C42720043A6EE /* Repositories */,
				EB2D60452C5C41CE0043A6EE /* Entity */,
			);
			path = Domain;
			sourceTree = "<group>";
		};
		EB2D60442C5C41BE0043A6EE /* Repositories */ = {
			isa = PBXGroup;
			children = (
				EB2D604B2C5C43F10043A6EE /* CountryRepositoryImpl.swift */,
			);
			path = Repositories;
			sourceTree = "<group>";
		};
		EB2D60452C5C41CE0043A6EE /* Entity */ = {
			isa = PBXGroup;
			children = (
				EB2D60462C5C421C0043A6EE /* Country.swift */,
				EB2D60652C5D1D9A0043A6EE /* State.swift */,
			);
			path = Entity;
			sourceTree = "<group>";
		};
		EB2D60482C5C42720043A6EE /* Repositories */ = {
			isa = PBXGroup;
			children = (
				EB2D60492C5C42DF0043A6EE /* CountryRepository.swift */,
			);
			path = Repositories;
			sourceTree = "<group>";
		};
		EB2D604D2C5C445E0043A6EE /* DataSources */ = {
			isa = PBXGroup;
			children = (
				EB2D604E2C5C446E0043A6EE /* Remote */,
			);
			path = DataSources;
			sourceTree = "<group>";
		};
		EB2D604E2C5C446E0043A6EE /* Remote */ = {
			isa = PBXGroup;
			children = (
				EB2D604F2C5C45380043A6EE /* CountryApiService.swift */,
				EB2D60512C5C45E70043A6EE /* CountryApiServiceImpl.swift */,
			);
			path = Remote;
			sourceTree = "<group>";
		};
		EB2D60532C5C896C0043A6EE /* UseCases */ = {
			isa = PBXGroup;
			children = (
				EB2D60542C5C89840043A6EE /* GetCountriesUseCase.swift */,
				EB2D60562C5C89C50043A6EE /* GetCountriesUseCaseImpl.swift */,
			);
			path = UseCases;
			sourceTree = "<group>";
		};
		EB2D605E2C5C95230043A6EE /* Presentation */ = {
			isa = PBXGroup;
			children = (
				EB2D605F2C5C952A0043A6EE /* ViewModels */,
			);
			path = Presentation;
			sourceTree = "<group>";
		};
		EB2D605F2C5C952A0043A6EE /* ViewModels */ = {
			isa = PBXGroup;
			children = (
				EB2D60602C5C95D00043A6EE /* CountriesViewModelSpec.swift */,
			);
			path = ViewModels;
			sourceTree = "<group>";
		};
		EB2D60642C5D1AA80043A6EE /* Queries */ = {
			isa = PBXGroup;
			children = (
				EB2D603B2C5B25390043A6EE /* Countries.graphql */,
			);
			path = Queries;
			sourceTree = "<group>";
		};
		EB2D60672C611AC60043A6EE /* Coordinator */ = {
			isa = PBXGroup;
			children = (
				EB2D60682C611B230043A6EE /* CountryCoordinator.swift */,
			);
			path = Coordinator;
			sourceTree = "<group>";
		};
		EB2D606A2C6127650043A6EE /* Country */ = {
			isa = PBXGroup;
			children = (
				EB2D606B2C61276C0043A6EE /* Detail */,
			);
			path = Country;
			sourceTree = "<group>";
		};
		EB2D606B2C61276C0043A6EE /* Detail */ = {
			isa = PBXGroup;
			children = (
				EB2D606C2C61277F0043A6EE /* CountryDetailView.swift */,
			);
			path = Detail;
			sourceTree = "<group>";
		};
/* End PBXGroup section */

/* Begin PBXNativeTarget section */
		EB2D60082C5B22EC0043A6EE /* ApolloGraphQL */ = {
			isa = PBXNativeTarget;
			buildConfigurationList = EB2D602D2C5B22EF0043A6EE /* Build configuration list for PBXNativeTarget "ApolloGraphQL" */;
			buildPhases = (
				EB2D60052C5B22EC0043A6EE /* Sources */,
				EB2D60062C5B22EC0043A6EE /* Frameworks */,
				EB2D60072C5B22EC0043A6EE /* Resources */,
			);
			buildRules = (
			);
			dependencies = (
			);
			name = ApolloGraphQL;
			packageProductDependencies = (
				EB2D60372C5B232A0043A6EE /* Apollo */,
				EB2D60402C5B28350043A6EE /* CountryApi */,
			);
			productName = ApolloGraphQL;
			productReference = EB2D60092C5B22EC0043A6EE /* ApolloGraphQL.app */;
			productType = "com.apple.product-type.application";
		};
		EB2D60182C5B22EF0043A6EE /* ApolloGraphQLTests */ = {
			isa = PBXNativeTarget;
			buildConfigurationList = EB2D60302C5B22EF0043A6EE /* Build configuration list for PBXNativeTarget "ApolloGraphQLTests" */;
			buildPhases = (
				EB2D60152C5B22EF0043A6EE /* Sources */,
				EB2D60162C5B22EF0043A6EE /* Frameworks */,
				EB2D60172C5B22EF0043A6EE /* Resources */,
			);
			buildRules = (
			);
			dependencies = (
				EB2D601B2C5B22EF0043A6EE /* PBXTargetDependency */,
			);
			name = ApolloGraphQLTests;
			packageProductDependencies = (
				EB2D60592C5C94460043A6EE /* Quick */,
				EB2D605C2C5C94E50043A6EE /* Nimble */,
			);
			productName = ApolloGraphQLTests;
			productReference = EB2D60192C5B22EF0043A6EE /* ApolloGraphQLTests.xctest */;
			productType = "com.apple.product-type.bundle.unit-test";
		};
		EB2D60222C5B22EF0043A6EE /* ApolloGraphQLUITests */ = {
			isa = PBXNativeTarget;
			buildConfigurationList = EB2D60332C5B22EF0043A6EE /* Build configuration list for PBXNativeTarget "ApolloGraphQLUITests" */;
			buildPhases = (
				EB2D601F2C5B22EF0043A6EE /* Sources */,
				EB2D60202C5B22EF0043A6EE /* Frameworks */,
				EB2D60212C5B22EF0043A6EE /* Resources */,
			);
			buildRules = (
			);
			dependencies = (
				EB2D60252C5B22EF0043A6EE /* PBXTargetDependency */,
			);
			name = ApolloGraphQLUITests;
			productName = ApolloGraphQLUITests;
			productReference = EB2D60232C5B22EF0043A6EE /* ApolloGraphQLUITests.xctest */;
			productType = "com.apple.product-type.bundle.ui-testing";
		};
/* End PBXNativeTarget section */

/* Begin PBXProject section */
		EB2D60012C5B22EC0043A6EE /* Project object */ = {
			isa = PBXProject;
			attributes = {
				BuildIndependentTargetsInParallel = 1;
				LastSwiftUpdateCheck = 1540;
				LastUpgradeCheck = 1540;
				TargetAttributes = {
					EB2D60082C5B22EC0043A6EE = {
						CreatedOnToolsVersion = 15.4;
					};
					EB2D60182C5B22EF0043A6EE = {
						CreatedOnToolsVersion = 15.4;
						TestTargetID = EB2D60082C5B22EC0043A6EE;
					};
					EB2D60222C5B22EF0043A6EE = {
						CreatedOnToolsVersion = 15.4;
						TestTargetID = EB2D60082C5B22EC0043A6EE;
					};
				};
			};
			buildConfigurationList = EB2D60042C5B22EC0043A6EE /* Build configuration list for PBXProject "ApolloGraphQL" */;
			compatibilityVersion = "Xcode 14.0";
			developmentRegion = en;
			hasScannedForEncodings = 0;
			knownRegions = (
				en,
				Base,
			);
			mainGroup = EB2D60002C5B22EC0043A6EE;
			packageReferences = (
				EB2D60362C5B232A0043A6EE /* XCRemoteSwiftPackageReference "apollo-ios" */,
				EB2D603F2C5B28350043A6EE /* XCLocalSwiftPackageReference "CountryApi" */,
				EB2D60582C5C94460043A6EE /* XCRemoteSwiftPackageReference "Quick" */,
				EB2D605B2C5C94E50043A6EE /* XCRemoteSwiftPackageReference "Nimble" */,
			);
			productRefGroup = EB2D600A2C5B22EC0043A6EE /* Products */;
			projectDirPath = "";
			projectRoot = "";
			targets = (
				EB2D60082C5B22EC0043A6EE /* ApolloGraphQL */,
				EB2D60182C5B22EF0043A6EE /* ApolloGraphQLTests */,
				EB2D60222C5B22EF0043A6EE /* ApolloGraphQLUITests */,
			);
		};
/* End PBXProject section */

/* Begin PBXResourcesBuildPhase section */
		EB2D60072C5B22EC0043A6EE /* Resources */ = {
			isa = PBXResourcesBuildPhase;
			buildActionMask = 2147483647;
			files = (
				EB2D603E2C5B27530043A6EE /* schema.graphqls in Resources */,
				EB2D60142C5B22EE0043A6EE /* Preview Assets.xcassets in Resources */,
				EB2D60112C5B22EE0043A6EE /* Assets.xcassets in Resources */,
				EB2D603C2C5B25390043A6EE /* Countries.graphql in Resources */,
			);
			runOnlyForDeploymentPostprocessing = 0;
		};
		EB2D60172C5B22EF0043A6EE /* Resources */ = {
			isa = PBXResourcesBuildPhase;
			buildActionMask = 2147483647;
			files = (
			);
			runOnlyForDeploymentPostprocessing = 0;
		};
		EB2D60212C5B22EF0043A6EE /* Resources */ = {
			isa = PBXResourcesBuildPhase;
			buildActionMask = 2147483647;
			files = (
			);
			runOnlyForDeploymentPostprocessing = 0;
		};
/* End PBXResourcesBuildPhase section */

/* Begin PBXSourcesBuildPhase section */
		EB2D60052C5B22EC0043A6EE /* Sources */ = {
			isa = PBXSourcesBuildPhase;
			buildActionMask = 2147483647;
			files = (
				EB2D606D2C61277F0043A6EE /* CountryDetailView.swift in Sources */,
				EB2D604C2C5C43F10043A6EE /* CountryRepositoryImpl.swift in Sources */,
				EB2D60572C5C89C50043A6EE /* GetCountriesUseCaseImpl.swift in Sources */,
				EB2D60552C5C89840043A6EE /* GetCountriesUseCase.swift in Sources */,
				EB2D60662C5D1D9A0043A6EE /* State.swift in Sources */,
				EB2D600F2C5B22EC0043A6EE /* ContentView.swift in Sources */,
				EB2D60472C5C421C0043A6EE /* Country.swift in Sources */,
				EB2D604A2C5C42DF0043A6EE /* CountryRepository.swift in Sources */,
				EB2D600D2C5B22EC0043A6EE /* ApolloGraphQLApp.swift in Sources */,
				EB2D60692C611B230043A6EE /* CountryCoordinator.swift in Sources */,
				EB2D60502C5C45380043A6EE /* CountryApiService.swift in Sources */,
				EB2D60522C5C45E70043A6EE /* CountryApiServiceImpl.swift in Sources */,
			);
			runOnlyForDeploymentPostprocessing = 0;
		};
		EB2D60152C5B22EF0043A6EE /* Sources */ = {
			isa = PBXSourcesBuildPhase;
			buildActionMask = 2147483647;
			files = (
				EB2D60612C5C95D00043A6EE /* CountriesViewModelSpec.swift in Sources */,
				EB2D601E2C5B22EF0043A6EE /* ApolloGraphQLTests.swift in Sources */,
			);
			runOnlyForDeploymentPostprocessing = 0;
		};
		EB2D601F2C5B22EF0043A6EE /* Sources */ = {
			isa = PBXSourcesBuildPhase;
			buildActionMask = 2147483647;
			files = (
				EB2D60282C5B22EF0043A6EE /* ApolloGraphQLUITests.swift in Sources */,
				EB2D602A2C5B22EF0043A6EE /* ApolloGraphQLUITestsLaunchTests.swift in Sources */,
			);
			runOnlyForDeploymentPostprocessing = 0;
		};
/* End PBXSourcesBuildPhase section */

/* Begin PBXTargetDependency section */
		EB2D601B2C5B22EF0043A6EE /* PBXTargetDependency */ = {
			isa = PBXTargetDependency;
			target = EB2D60082C5B22EC0043A6EE /* ApolloGraphQL */;
			targetProxy = EB2D601A2C5B22EF0043A6EE /* PBXContainerItemProxy */;
		};
		EB2D60252C5B22EF0043A6EE /* PBXTargetDependency */ = {
			isa = PBXTargetDependency;
			target = EB2D60082C5B22EC0043A6EE /* ApolloGraphQL */;
			targetProxy = EB2D60242C5B22EF0043A6EE /* PBXContainerItemProxy */;
		};
/* End PBXTargetDependency section */

/* Begin XCBuildConfiguration section */
		EB2D602B2C5B22EF0043A6EE /* Debug */ = {
			isa = XCBuildConfiguration;
			buildSettings = {
				ALWAYS_SEARCH_USER_PATHS = NO;
				ASSETCATALOG_COMPILER_GENERATE_SWIFT_ASSET_SYMBOL_EXTENSIONS = YES;
				CLANG_ANALYZER_NONNULL = YES;
				CLANG_ANALYZER_NUMBER_OBJECT_CONVERSION = YES_AGGRESSIVE;
				CLANG_CXX_LANGUAGE_STANDARD = "gnu++20";
				CLANG_ENABLE_MODULES = YES;
				CLANG_ENABLE_OBJC_ARC = YES;
				CLANG_ENABLE_OBJC_WEAK = YES;
				CLANG_WARN_BLOCK_CAPTURE_AUTORELEASING = YES;
				CLANG_WARN_BOOL_CONVERSION = YES;
				CLANG_WARN_COMMA = YES;
				CLANG_WARN_CONSTANT_CONVERSION = YES;
				CLANG_WARN_DEPRECATED_OBJC_IMPLEMENTATIONS = YES;
				CLANG_WARN_DIRECT_OBJC_ISA_USAGE = YES_ERROR;
				CLANG_WARN_DOCUMENTATION_COMMENTS = YES;
				CLANG_WARN_EMPTY_BODY = YES;
				CLANG_WARN_ENUM_CONVERSION = YES;
				CLANG_WARN_INFINITE_RECURSION = YES;
				CLANG_WARN_INT_CONVERSION = YES;
				CLANG_WARN_NON_LITERAL_NULL_CONVERSION = YES;
				CLANG_WARN_OBJC_IMPLICIT_RETAIN_SELF = YES;
				CLANG_WARN_OBJC_LITERAL_CONVERSION = YES;
				CLANG_WARN_OBJC_ROOT_CLASS = YES_ERROR;
				CLANG_WARN_QUOTED_INCLUDE_IN_FRAMEWORK_HEADER = YES;
				CLANG_WARN_RANGE_LOOP_ANALYSIS = YES;
				CLANG_WARN_STRICT_PROTOTYPES = YES;
				CLANG_WARN_SUSPICIOUS_MOVE = YES;
				CLANG_WARN_UNGUARDED_AVAILABILITY = YES_AGGRESSIVE;
				CLANG_WARN_UNREACHABLE_CODE = YES;
				CLANG_WARN__DUPLICATE_METHOD_MATCH = YES;
				COPY_PHASE_STRIP = NO;
				DEBUG_INFORMATION_FORMAT = dwarf;
				ENABLE_STRICT_OBJC_MSGSEND = YES;
				ENABLE_TESTABILITY = YES;
				ENABLE_USER_SCRIPT_SANDBOXING = YES;
				GCC_C_LANGUAGE_STANDARD = gnu17;
				GCC_DYNAMIC_NO_PIC = NO;
				GCC_NO_COMMON_BLOCKS = YES;
				GCC_OPTIMIZATION_LEVEL = 0;
				GCC_PREPROCESSOR_DEFINITIONS = (
					"DEBUG=1",
					"$(inherited)",
				);
				GCC_WARN_64_TO_32_BIT_CONVERSION = YES;
				GCC_WARN_ABOUT_RETURN_TYPE = YES_ERROR;
				GCC_WARN_UNDECLARED_SELECTOR = YES;
				GCC_WARN_UNINITIALIZED_AUTOS = YES_AGGRESSIVE;
				GCC_WARN_UNUSED_FUNCTION = YES;
				GCC_WARN_UNUSED_VARIABLE = YES;
				IPHONEOS_DEPLOYMENT_TARGET = 17.5;
				LOCALIZATION_PREFERS_STRING_CATALOGS = YES;
				MTL_ENABLE_DEBUG_INFO = INCLUDE_SOURCE;
				MTL_FAST_MATH = YES;
				ONLY_ACTIVE_ARCH = YES;
				SDKROOT = iphoneos;
				SWIFT_ACTIVE_COMPILATION_CONDITIONS = "DEBUG $(inherited)";
				SWIFT_OPTIMIZATION_LEVEL = "-Onone";
			};
			name = Debug;
		};
		EB2D602C2C5B22EF0043A6EE /* Release */ = {
			isa = XCBuildConfiguration;
			buildSettings = {
				ALWAYS_SEARCH_USER_PATHS = NO;
				ASSETCATALOG_COMPILER_GENERATE_SWIFT_ASSET_SYMBOL_EXTENSIONS = YES;
				CLANG_ANALYZER_NONNULL = YES;
				CLANG_ANALYZER_NUMBER_OBJECT_CONVERSION = YES_AGGRESSIVE;
				CLANG_CXX_LANGUAGE_STANDARD = "gnu++20";
				CLANG_ENABLE_MODULES = YES;
				CLANG_ENABLE_OBJC_ARC = YES;
				CLANG_ENABLE_OBJC_WEAK = YES;
				CLANG_WARN_BLOCK_CAPTURE_AUTORELEASING = YES;
				CLANG_WARN_BOOL_CONVERSION = YES;
				CLANG_WARN_COMMA = YES;
				CLANG_WARN_CONSTANT_CONVERSION = YES;
				CLANG_WARN_DEPRECATED_OBJC_IMPLEMENTATIONS = YES;
				CLANG_WARN_DIRECT_OBJC_ISA_USAGE = YES_ERROR;
				CLANG_WARN_DOCUMENTATION_COMMENTS = YES;
				CLANG_WARN_EMPTY_BODY = YES;
				CLANG_WARN_ENUM_CONVERSION = YES;
				CLANG_WARN_INFINITE_RECURSION = YES;
				CLANG_WARN_INT_CONVERSION = YES;
				CLANG_WARN_NON_LITERAL_NULL_CONVERSION = YES;
				CLANG_WARN_OBJC_IMPLICIT_RETAIN_SELF = YES;
				CLANG_WARN_OBJC_LITERAL_CONVERSION = YES;
				CLANG_WARN_OBJC_ROOT_CLASS = YES_ERROR;
				CLANG_WARN_QUOTED_INCLUDE_IN_FRAMEWORK_HEADER = YES;
				CLANG_WARN_RANGE_LOOP_ANALYSIS = YES;
				CLANG_WARN_STRICT_PROTOTYPES = YES;
				CLANG_WARN_SUSPICIOUS_MOVE = YES;
				CLANG_WARN_UNGUARDED_AVAILABILITY = YES_AGGRESSIVE;
				CLANG_WARN_UNREACHABLE_CODE = YES;
				CLANG_WARN__DUPLICATE_METHOD_MATCH = YES;
				COPY_PHASE_STRIP = NO;
				DEBUG_INFORMATION_FORMAT = "dwarf-with-dsym";
				ENABLE_NS_ASSERTIONS = NO;
				ENABLE_STRICT_OBJC_MSGSEND = YES;
				ENABLE_USER_SCRIPT_SANDBOXING = YES;
				GCC_C_LANGUAGE_STANDARD = gnu17;
				GCC_NO_COMMON_BLOCKS = YES;
				GCC_WARN_64_TO_32_BIT_CONVERSION = YES;
				GCC_WARN_ABOUT_RETURN_TYPE = YES_ERROR;
				GCC_WARN_UNDECLARED_SELECTOR = YES;
				GCC_WARN_UNINITIALIZED_AUTOS = YES_AGGRESSIVE;
				GCC_WARN_UNUSED_FUNCTION = YES;
				GCC_WARN_UNUSED_VARIABLE = YES;
				IPHONEOS_DEPLOYMENT_TARGET = 17.5;
				LOCALIZATION_PREFERS_STRING_CATALOGS = YES;
				MTL_ENABLE_DEBUG_INFO = NO;
				MTL_FAST_MATH = YES;
				SDKROOT = iphoneos;
				SWIFT_COMPILATION_MODE = wholemodule;
				VALIDATE_PRODUCT = YES;
			};
			name = Release;
		};
		EB2D602E2C5B22EF0043A6EE /* Debug */ = {
			isa = XCBuildConfiguration;
			buildSettings = {
				ASSETCATALOG_COMPILER_APPICON_NAME = AppIcon;
				ASSETCATALOG_COMPILER_GLOBAL_ACCENT_COLOR_NAME = AccentColor;
				CODE_SIGN_STYLE = Automatic;
				CURRENT_PROJECT_VERSION = 1;
				DEVELOPMENT_ASSET_PATHS = "\"ApolloGraphQL/Preview Content\"";
				ENABLE_PREVIEWS = YES;
				GENERATE_INFOPLIST_FILE = YES;
				INFOPLIST_KEY_UIApplicationSceneManifest_Generation = YES;
				INFOPLIST_KEY_UIApplicationSupportsIndirectInputEvents = YES;
				INFOPLIST_KEY_UILaunchScreen_Generation = YES;
				INFOPLIST_KEY_UISupportedInterfaceOrientations_iPad = "UIInterfaceOrientationPortrait UIInterfaceOrientationPortraitUpsideDown UIInterfaceOrientationLandscapeLeft UIInterfaceOrientationLandscapeRight";
				INFOPLIST_KEY_UISupportedInterfaceOrientations_iPhone = "UIInterfaceOrientationPortrait UIInterfaceOrientationLandscapeLeft UIInterfaceOrientationLandscapeRight";
				LD_RUNPATH_SEARCH_PATHS = (
					"$(inherited)",
					"@executable_path/Frameworks",
				);
				MARKETING_VERSION = 1.0;
				PRODUCT_BUNDLE_IDENTIFIER = rothen.pedro.ApolloGraphQL;
				PRODUCT_NAME = "$(TARGET_NAME)";
				SWIFT_EMIT_LOC_STRINGS = YES;
				SWIFT_VERSION = 5.0;
				TARGETED_DEVICE_FAMILY = "1,2";
			};
			name = Debug;
		};
		EB2D602F2C5B22EF0043A6EE /* Release */ = {
			isa = XCBuildConfiguration;
			buildSettings = {
				ASSETCATALOG_COMPILER_APPICON_NAME = AppIcon;
				ASSETCATALOG_COMPILER_GLOBAL_ACCENT_COLOR_NAME = AccentColor;
				CODE_SIGN_STYLE = Automatic;
				CURRENT_PROJECT_VERSION = 1;
				DEVELOPMENT_ASSET_PATHS = "\"ApolloGraphQL/Preview Content\"";
				ENABLE_PREVIEWS = YES;
				GENERATE_INFOPLIST_FILE = YES;
				INFOPLIST_KEY_UIApplicationSceneManifest_Generation = YES;
				INFOPLIST_KEY_UIApplicationSupportsIndirectInputEvents = YES;
				INFOPLIST_KEY_UILaunchScreen_Generation = YES;
				INFOPLIST_KEY_UISupportedInterfaceOrientations_iPad = "UIInterfaceOrientationPortrait UIInterfaceOrientationPortraitUpsideDown UIInterfaceOrientationLandscapeLeft UIInterfaceOrientationLandscapeRight";
				INFOPLIST_KEY_UISupportedInterfaceOrientations_iPhone = "UIInterfaceOrientationPortrait UIInterfaceOrientationLandscapeLeft UIInterfaceOrientationLandscapeRight";
				LD_RUNPATH_SEARCH_PATHS = (
					"$(inherited)",
					"@executable_path/Frameworks",
				);
				MARKETING_VERSION = 1.0;
				PRODUCT_BUNDLE_IDENTIFIER = rothen.pedro.ApolloGraphQL;
				PRODUCT_NAME = "$(TARGET_NAME)";
				SWIFT_EMIT_LOC_STRINGS = YES;
				SWIFT_VERSION = 5.0;
				TARGETED_DEVICE_FAMILY = "1,2";
			};
			name = Release;
		};
		EB2D60312C5B22EF0043A6EE /* Debug */ = {
			isa = XCBuildConfiguration;
			buildSettings = {
				ALWAYS_EMBED_SWIFT_STANDARD_LIBRARIES = YES;
				BUNDLE_LOADER = "$(TEST_HOST)";
				CODE_SIGN_STYLE = Automatic;
				CURRENT_PROJECT_VERSION = 1;
				GENERATE_INFOPLIST_FILE = YES;
				IPHONEOS_DEPLOYMENT_TARGET = 17.5;
				MARKETING_VERSION = 1.0;
				PRODUCT_BUNDLE_IDENTIFIER = rothen.pedro.ApolloGraphQLTests;
				PRODUCT_NAME = "$(TARGET_NAME)";
				SWIFT_EMIT_LOC_STRINGS = NO;
				SWIFT_VERSION = 5.0;
				TARGETED_DEVICE_FAMILY = "1,2";
				TEST_HOST = "$(BUILT_PRODUCTS_DIR)/ApolloGraphQL.app/$(BUNDLE_EXECUTABLE_FOLDER_PATH)/ApolloGraphQL";
			};
			name = Debug;
		};
		EB2D60322C5B22EF0043A6EE /* Release */ = {
			isa = XCBuildConfiguration;
			buildSettings = {
				ALWAYS_EMBED_SWIFT_STANDARD_LIBRARIES = YES;
				BUNDLE_LOADER = "$(TEST_HOST)";
				CODE_SIGN_STYLE = Automatic;
				CURRENT_PROJECT_VERSION = 1;
				GENERATE_INFOPLIST_FILE = YES;
				IPHONEOS_DEPLOYMENT_TARGET = 17.5;
				MARKETING_VERSION = 1.0;
				PRODUCT_BUNDLE_IDENTIFIER = rothen.pedro.ApolloGraphQLTests;
				PRODUCT_NAME = "$(TARGET_NAME)";
				SWIFT_EMIT_LOC_STRINGS = NO;
				SWIFT_VERSION = 5.0;
				TARGETED_DEVICE_FAMILY = "1,2";
				TEST_HOST = "$(BUILT_PRODUCTS_DIR)/ApolloGraphQL.app/$(BUNDLE_EXECUTABLE_FOLDER_PATH)/ApolloGraphQL";
			};
			name = Release;
		};
		EB2D60342C5B22EF0043A6EE /* Debug */ = {
			isa = XCBuildConfiguration;
			buildSettings = {
				ALWAYS_EMBED_SWIFT_STANDARD_LIBRARIES = YES;
				CODE_SIGN_STYLE = Automatic;
				CURRENT_PROJECT_VERSION = 1;
				GENERATE_INFOPLIST_FILE = YES;
				MARKETING_VERSION = 1.0;
				PRODUCT_BUNDLE_IDENTIFIER = rothen.pedro.ApolloGraphQLUITests;
				PRODUCT_NAME = "$(TARGET_NAME)";
				SWIFT_EMIT_LOC_STRINGS = NO;
				SWIFT_VERSION = 5.0;
				TARGETED_DEVICE_FAMILY = "1,2";
				TEST_TARGET_NAME = ApolloGraphQL;
			};
			name = Debug;
		};
		EB2D60352C5B22EF0043A6EE /* Release */ = {
			isa = XCBuildConfiguration;
			buildSettings = {
				ALWAYS_EMBED_SWIFT_STANDARD_LIBRARIES = YES;
				CODE_SIGN_STYLE = Automatic;
				CURRENT_PROJECT_VERSION = 1;
				GENERATE_INFOPLIST_FILE = YES;
				MARKETING_VERSION = 1.0;
				PRODUCT_BUNDLE_IDENTIFIER = rothen.pedro.ApolloGraphQLUITests;
				PRODUCT_NAME = "$(TARGET_NAME)";
				SWIFT_EMIT_LOC_STRINGS = NO;
				SWIFT_VERSION = 5.0;
				TARGETED_DEVICE_FAMILY = "1,2";
				TEST_TARGET_NAME = ApolloGraphQL;
			};
			name = Release;
		};
/* End XCBuildConfiguration section */

/* Begin XCConfigurationList section */
		EB2D60042C5B22EC0043A6EE /* Build configuration list for PBXProject "ApolloGraphQL" */ = {
			isa = XCConfigurationList;
			buildConfigurations = (
				EB2D602B2C5B22EF0043A6EE /* Debug */,
				EB2D602C2C5B22EF0043A6EE /* Release */,
			);
			defaultConfigurationIsVisible = 0;
			defaultConfigurationName = Release;
		};
		EB2D602D2C5B22EF0043A6EE /* Build configuration list for PBXNativeTarget "ApolloGraphQL" */ = {
			isa = XCConfigurationList;
			buildConfigurations = (
				EB2D602E2C5B22EF0043A6EE /* Debug */,
				EB2D602F2C5B22EF0043A6EE /* Release */,
			);
			defaultConfigurationIsVisible = 0;
			defaultConfigurationName = Release;
		};
		EB2D60302C5B22EF0043A6EE /* Build configuration list for PBXNativeTarget "ApolloGraphQLTests" */ = {
			isa = XCConfigurationList;
			buildConfigurations = (
				EB2D60312C5B22EF0043A6EE /* Debug */,
				EB2D60322C5B22EF0043A6EE /* Release */,
			);
			defaultConfigurationIsVisible = 0;
			defaultConfigurationName = Release;
		};
		EB2D60332C5B22EF0043A6EE /* Build configuration list for PBXNativeTarget "ApolloGraphQLUITests" */ = {
			isa = XCConfigurationList;
			buildConfigurations = (
				EB2D60342C5B22EF0043A6EE /* Debug */,
				EB2D60352C5B22EF0043A6EE /* Release */,
			);
			defaultConfigurationIsVisible = 0;
			defaultConfigurationName = Release;
		};
/* End XCConfigurationList section */

/* Begin XCLocalSwiftPackageReference section */
		EB2D603F2C5B28350043A6EE /* XCLocalSwiftPackageReference "CountryApi" */ = {
			isa = XCLocalSwiftPackageReference;
			relativePath = CountryApi;
		};
/* End XCLocalSwiftPackageReference section */

/* Begin XCRemoteSwiftPackageReference section */
		EB2D60362C5B232A0043A6EE /* XCRemoteSwiftPackageReference "apollo-ios" */ = {
			isa = XCRemoteSwiftPackageReference;
			repositoryURL = "https://github.com/apollographql/apollo-ios.git";
			requirement = {
				kind = exactVersion;
				version = 1.12.2;
			};
		};
		EB2D60582C5C94460043A6EE /* XCRemoteSwiftPackageReference "Quick" */ = {
			isa = XCRemoteSwiftPackageReference;
			repositoryURL = "https://github.com/Quick/Quick.git";
			requirement = {
				kind = exactVersion;
				version = 7.0.0;
			};
		};
		EB2D605B2C5C94E50043A6EE /* XCRemoteSwiftPackageReference "Nimble" */ = {
			isa = XCRemoteSwiftPackageReference;
			repositoryURL = "https://github.com/Quick/Nimble.git";
			requirement = {
				kind = exactVersion;
				version = 12.0.0;
			};
		};
/* End XCRemoteSwiftPackageReference section */

/* Begin XCSwiftPackageProductDependency section */
		EB2D60372C5B232A0043A6EE /* Apollo */ = {
			isa = XCSwiftPackageProductDependency;
			package = EB2D60362C5B232A0043A6EE /* XCRemoteSwiftPackageReference "apollo-ios" */;
			productName = Apollo;
		};
		EB2D60402C5B28350043A6EE /* CountryApi */ = {
			isa = XCSwiftPackageProductDependency;
			productName = CountryApi;
		};
		EB2D60592C5C94460043A6EE /* Quick */ = {
			isa = XCSwiftPackageProductDependency;
			package = EB2D60582C5C94460043A6EE /* XCRemoteSwiftPackageReference "Quick" */;
			productName = Quick;
		};
		EB2D605C2C5C94E50043A6EE /* Nimble */ = {
			isa = XCSwiftPackageProductDependency;
			package = EB2D605B2C5C94E50043A6EE /* XCRemoteSwiftPackageReference "Nimble" */;
			productName = Nimble;
		};
/* End XCSwiftPackageProductDependency section */
	};
	rootObject = EB2D60012C5B22EC0043A6EE /* Project object */;
}
